
Microsoft Visual Studio Solution File, Format Version 12.00
# Visual Studio Version 16
VisualStudioVersion = 16.0.30523.141
MinimumVisualStudioVersion = 10.0.40219.1
Project("{FAE04EC0-301F-11D3-BF4B-00C04F79EFBC}") = "WorkerServiceDemoProject", "WorkerServiceDemoProject\WorkerServiceDemoProject.csproj", "{9C716223-B0E2-4B99-9A59-D45F2E98217C}"
EndProject
Global
	GlobalSection(SolutionConfigurationPlatforms) = preSolution
		Debug|Any CPU = Debug|Any CPU
		Release|Any CPU = Release|Any CPU
	EndGlobalSection
	GlobalSection(ProjectConfigurationPlatforms) = postSolution
		{9C716223-B0E2-4B99-9A59-D45F2E98217C}.Debug|Any CPU.ActiveCfg = Debug|Any CPU
		{9C716223-B0E2-4B99-9A59-D45F2E98217C}.Debug|Any CPU.Build.0 = Debug|Any CPU
		{9C716223-B0E2-4B99-9A59-D45F2E98217C}.Release|Any CPU.ActiveCfg = Release|Any CPU
		{9C716223-B0E2-4B99-9A59-D45F2E98217C}.Release|Any CPU.Build.0 = Release|Any CPU
	EndGlobalSection
	GlobalSection(SolutionProperties) = preSolution
		HideSolutionNode = FALSE
	EndGlobalSection
	GlobalSection(ExtensibilityGlobals) = postSolution
		SolutionGuid = {88D4CF4A-2C66-4337-A372-C9357201B9DF}
	EndGlobalSection
EndGlobal
